
Microsoft Visual Studio Solution File, Format Version 12.00
# Visual Studio 15
VisualStudioVersion = 15.0.33026.149
MinimumVisualStudioVersion = 10.0.40219.1
Project("{FAE04EC0-301F-11D3-BF4B-00C04F79EFBC}") = "pratica3", "pratica3\pratica3.csproj", "{DA19DC04-4CF3-41F6-8236-9DBB27320E26}"
EndProject
Project("{9A19103F-16F7-4668-BE54-9A1E7A4F7556}") = "Pratica4", "Pratica4\Pratica4.csproj", "{ECD9C768-FB74-4DEF-A656-DAF188E1B8EC}"
EndProject
Project("{FAE04EC0-301F-11D3-BF4B-00C04F79EFBC}") = "Pratica5", "Pratica5\Pratica5.csproj", "{86BB77EE-C62A-497E-88E3-134590D29DC4}"
EndProject
Project("{FAE04EC0-301F-11D3-BF4B-00C04F79EFBC}") = "Pratica6", "Pratica6\Pratica6.csproj", "{B762CB41-3C79-4C03-8338-7F70D2311B75}"
EndProject
Project("{FAE04EC0-301F-11D3-BF4B-00C04F79EFBC}") = "Pratica7", "Pratica7\Pratica7.csproj", "{7E4D6765-F806-46D3-9BFA-42C2E2480E9D}"
EndProject
Project("{FAE04EC0-301F-11D3-BF4B-00C04F79EFBC}") = "Pratica8", "Pratica8\Pratica8.csproj", "{581D0CAD-55EF-4F4F-93C0-71D63E7150EF}"
EndProject
Project("{9A19103F-16F7-4668-BE54-9A1E7A4F7556}") = "Pratica9", "Pratica9\Pratica9.csproj", "{596505BA-5E53-46D9-8C19-3483E9CA2ED3}"
EndProject
Project("{9A19103F-16F7-4668-BE54-9A1E7A4F7556}") = "Pratica10", "Pratica10\Pratica10.csproj", "{45B0737E-AE93-4CC4-BDDC-392B62F0AAED}"
EndProject
Project("{9A19103F-16F7-4668-BE54-9A1E7A4F7556}") = "Pratica11", "Pratica11\Pratica11.csproj", "{D42F32F7-93AC-4DC6-BC5D-2723F74F054C}"
EndProject
Project("{FAE04EC0-301F-11D3-BF4B-00C04F79EFBC}") = "Pratica2", "Pratica2\Pratica2.csproj", "{F48CF6A4-C78D-45A0-8493-71DFA313B7AB}"
EndProject
Global
	GlobalSection(SolutionConfigurationPlatforms) = preSolution
		Debug|Any CPU = Debug|Any CPU
		Release|Any CPU = Release|Any CPU
	EndGlobalSection
	GlobalSection(ProjectConfigurationPlatforms) = postSolution
		{DA19DC04-4CF3-41F6-8236-9DBB27320E26}.Debug|Any CPU.ActiveCfg = Debug|Any CPU
		{DA19DC04-4CF3-41F6-8236-9DBB27320E26}.Debug|Any CPU.Build.0 = Debug|Any CPU
		{DA19DC04-4CF3-41F6-8236-9DBB27320E26}.Release|Any CPU.ActiveCfg = Release|Any CPU
		{DA19DC04-4CF3-41F6-8236-9DBB27320E26}.Release|Any CPU.Build.0 = Release|Any CPU
		{ECD9C768-FB74-4DEF-A656-DAF188E1B8EC}.Debug|Any CPU.ActiveCfg = Debug|Any CPU
		{ECD9C768-FB74-4DEF-A656-DAF188E1B8EC}.Debug|Any CPU.Build.0 = Debug|Any CPU
		{ECD9C768-FB74-4DEF-A656-DAF188E1B8EC}.Release|Any CPU.ActiveCfg = Release|Any CPU
		{ECD9C768-FB74-4DEF-A656-DAF188E1B8EC}.Release|Any CPU.Build.0 = Release|Any CPU
		{86BB77EE-C62A-497E-88E3-134590D29DC4}.Debug|Any CPU.ActiveCfg = Debug|Any CPU
		{86BB77EE-C62A-497E-88E3-134590D29DC4}.Debug|Any CPU.Build.0 = Debug|Any CPU
		{86BB77EE-C62A-497E-88E3-134590D29DC4}.Release|Any CPU.ActiveCfg = Release|Any CPU
		{86BB77EE-C62A-497E-88E3-134590D29DC4}.Release|Any CPU.Build.0 = Release|Any CPU
		{B762CB41-3C79-4C03-8338-7F70D2311B75}.Debug|Any CPU.ActiveCfg = Debug|Any CPU
		{B762CB41-3C79-4C03-8338-7F70D2311B75}.Debug|Any CPU.Build.0 = Debug|Any CPU
		{B762CB41-3C79-4C03-8338-7F70D2311B75}.Release|Any CPU.ActiveCfg = Release|Any CPU
		{B762CB41-3C79-4C03-8338-7F70D2311B75}.Release|Any CPU.Build.0 = Release|Any CPU
		{7E4D6765-F806-46D3-9BFA-42C2E2480E9D}.Debug|Any CPU.ActiveCfg = Debug|Any CPU
		{7E4D6765-F806-46D3-9BFA-42C2E2480E9D}.Debug|Any CPU.Build.0 = Debug|Any CPU
		{7E4D6765-F806-46D3-9BFA-42C2E2480E9D}.Release|Any CPU.ActiveCfg = Release|Any CPU
		{7E4D6765-F806-46D3-9BFA-42C2E2480E9D}.Release|Any CPU.Build.0 = Release|Any CPU
		{581D0CAD-55EF-4F4F-93C0-71D63E7150EF}.Debug|Any CPU.ActiveCfg = Debug|Any CPU
		{581D0CAD-55EF-4F4F-93C0-71D63E7150EF}.Debug|Any CPU.Build.0 = Debug|Any CPU
		{581D0CAD-55EF-4F4F-93C0-71D63E7150EF}.Release|Any CPU.ActiveCfg = Release|Any CPU
		{581D0CAD-55EF-4F4F-93C0-71D63E7150EF}.Release|Any CPU.Build.0 = Release|Any CPU
		{596505BA-5E53-46D9-8C19-3483E9CA2ED3}.Debug|Any CPU.ActiveCfg = Debug|Any CPU
		{596505BA-5E53-46D9-8C19-3483E9CA2ED3}.Debug|Any CPU.Build.0 = Debug|Any CPU
		{596505BA-5E53-46D9-8C19-3483E9CA2ED3}.Release|Any CPU.ActiveCfg = Release|Any CPU
		{596505BA-5E53-46D9-8C19-3483E9CA2ED3}.Release|Any CPU.Build.0 = Release|Any CPU
		{45B0737E-AE93-4CC4-BDDC-392B62F0AAED}.Debug|Any CPU.ActiveCfg = Debug|Any CPU
		{45B0737E-AE93-4CC4-BDDC-392B62F0AAED}.Debug|Any CPU.Build.0 = Debug|Any CPU
		{45B0737E-AE93-4CC4-BDDC-392B62F0AAED}.Release|Any CPU.ActiveCfg = Release|Any CPU
		{45B0737E-AE93-4CC4-BDDC-392B62F0AAED}.Release|Any CPU.Build.0 = Release|Any CPU
		{D42F32F7-93AC-4DC6-BC5D-2723F74F054C}.Debug|Any CPU.ActiveCfg = Debug|Any CPU
		{D42F32F7-93AC-4DC6-BC5D-2723F74F054C}.Debug|Any CPU.Build.0 = Debug|Any CPU
		{D42F32F7-93AC-4DC6-BC5D-2723F74F054C}.Release|Any CPU.ActiveCfg = Release|Any CPU
		{D42F32F7-93AC-4DC6-BC5D-2723F74F054C}.Release|Any CPU.Build.0 = Release|Any CPU
		{F48CF6A4-C78D-45A0-8493-71DFA313B7AB}.Debug|Any CPU.ActiveCfg = Debug|Any CPU
		{F48CF6A4-C78D-45A0-8493-71DFA313B7AB}.Debug|Any CPU.Build.0 = Debug|Any CPU
		{F48CF6A4-C78D-45A0-8493-71DFA313B7AB}.Release|Any CPU.ActiveCfg = Release|Any CPU
		{F48CF6A4-C78D-45A0-8493-71DFA313B7AB}.Release|Any CPU.Build.0 = Release|Any CPU
	EndGlobalSection
	GlobalSection(SolutionProperties) = preSolution
		HideSolutionNode = FALSE
	EndGlobalSection
	GlobalSection(ExtensibilityGlobals) = postSolution
		SolutionGuid = {60889CF1-54EA-4976-8947-65801F47B6EE}
	EndGlobalSection
EndGlobal
