
Microsoft Visual Studio Solution File, Format Version 12.00
# Visual Studio 15
VisualStudioVersion = 15.0.33026.149
MinimumVisualStudioVersion = 10.0.40219.1
Project("{FAE04EC0-301F-11D3-BF4B-00C04F79EFBC}") = "pratica3", "pratica3\pratica3.csproj", "{DA19DC04-4CF3-41F6-8236-9DBB27320E26}"
EndProject
Project("{FAE04EC0-301F-11D3-BF4B-00C04F79EFBC}") = "Pratica4", "Pratica4\Pratica4.csproj", "{ECD9C768-FB74-4DEF-A656-DAF188E1B8EC}"
EndProject
Global
	GlobalSection(SolutionConfigurationPlatforms) = preSolution
		Debug|Any CPU = Debug|Any CPU
		Release|Any CPU = Release|Any CPU
	EndGlobalSection
	GlobalSection(ProjectConfigurationPlatforms) = postSolution
		{DA19DC04-4CF3-41F6-8236-9DBB27320E26}.Debug|Any CPU.ActiveCfg = Debug|Any CPU
		{DA19DC04-4CF3-41F6-8236-9DBB27320E26}.Debug|Any CPU.Build.0 = Debug|Any CPU
		{DA19DC04-4CF3-41F6-8236-9DBB27320E26}.Release|Any CPU.ActiveCfg = Release|Any CPU
		{DA19DC04-4CF3-41F6-8236-9DBB27320E26}.Release|Any CPU.Build.0 = Release|Any CPU
		{ECD9C768-FB74-4DEF-A656-DAF188E1B8EC}.Debug|Any CPU.ActiveCfg = Debug|Any CPU
		{ECD9C768-FB74-4DEF-A656-DAF188E1B8EC}.Debug|Any CPU.Build.0 = Debug|Any CPU
		{ECD9C768-FB74-4DEF-A656-DAF188E1B8EC}.Release|Any CPU.ActiveCfg = Release|Any CPU
		{ECD9C768-FB74-4DEF-A656-DAF188E1B8EC}.Release|Any CPU.Build.0 = Release|Any CPU
	EndGlobalSection
	GlobalSection(SolutionProperties) = preSolution
		HideSolutionNode = FALSE
	EndGlobalSection
	GlobalSection(ExtensibilityGlobals) = postSolution
		SolutionGuid = {60889CF1-54EA-4976-8947-65801F47B6EE}
	EndGlobalSection
EndGlobal
